cookbook 'database', :locked_version => '1.3.12'
cookbook 'mysql', :locked_version => '2.1.2'
cookbook 'python', :locked_version => '1.2.2'
cookbook 'redis', :git => 'git://github.com/miah/chef-redis.git', :ref => 'fa306fc24daccd919f0eb0b29a328790ecec2264'
cookbook 'discovery', :git => 'git://github.com/jkl1337/discovery.git', :ref => 'support-1.8'
cookbook 'java', :locked_version => '1.10.0'
cookbook 'nodejs', :locked_version => '1.1.2'
cookbook 'supervisor', :locked_version => '0.4.0'
cookbook 'git', :git => 'git://github.com/wehaveweneed/cookbook-git.git', :ref => '7708aee7a2cba82615c1513766170be03d7fb41e'
cookbook 'nginx', :locked_version => '1.4.0'
cookbook 'openmms', :path => '../viperdb/cookbook-openmms'
cookbook 'runit', :locked_version => '1.1.2'
cookbook 'viperdb', :path => '../viperdb/cookbook-viperdb'
cookbook 'application_nginx', :path => '../viperdb/application_nginx'
cookbook 'postgresql', :locked_version => '2.2.2'
cookbook 'openssl', :locked_version => '1.0.2'
cookbook 'aws', :locked_version => '0.100.6'
cookbook 'xfs', :locked_version => '1.1.0'
cookbook 'build-essential', :locked_version => '1.3.4'
cookbook 'yum', :locked_version => '2.2.0'
cookbook 'stunnel', :locked_version => '2.0.2'
cookbook 'windows', :locked_version => '1.8.6'
cookbook 'chef_handler', :locked_version => '1.1.4'
cookbook 'apt', :locked_version => '1.9.2'
cookbook 'dmg', :locked_version => '1.1.0'
cookbook 'bluepill', :locked_version => '2.2.2'
cookbook 'rsyslog', :locked_version => '1.5.0'
cookbook 'ohai', :locked_version => '1.1.8'
cookbook 'application', :locked_version => '2.0.0'