cookbook 'mysql', :locked_version => '2.1.2'
cookbook 'python', :locked_version => '1.2.2'
cookbook 'redis', :locked_version => '3.0.4'
cookbook 'java', :locked_version => '1.10.0'
cookbook 'nodejs', :locked_version => '1.1.1'
cookbook 'supervisor', :locked_version => '0.4.0'
cookbook 'nginx', :locked_version => '1.4.0'
cookbook 'openmms', :git => 'https://github.com/VIPERdb/cookbook-openmms.git', :ref => '1c4504dce47803a55587eddc71b19c4dd7dd294b'
cookbook 'viperdb', :git => 'https://github.com/VIPERdb/cookbook-viperdb.git', :ref => 'dad2e4b9e33eb268c28303f62938ab526e7a84e3'
cookbook 'openssl', :locked_version => '1.0.2'
cookbook 'build-essential', :locked_version => '1.3.4'
cookbook 'yum', :locked_version => '2.2.0'
cookbook 'runit', :locked_version => '1.1.0'
cookbook 'install_from', :locked_version => '3.0.4'
cookbook 'metachef', :locked_version => '3.0.4'
cookbook 'windows', :locked_version => '1.8.4'
cookbook 'chef_handler', :locked_version => '1.1.4'
cookbook 'apt', :locked_version => '1.9.0'
cookbook 'bluepill', :locked_version => '2.2.2'
cookbook 'rsyslog', :locked_version => '1.5.0'
cookbook 'ohai', :locked_version => '1.1.8'